
Microsoft Visual Studio Solution File, Format Version 12.00
# Visual Studio 15
VisualStudioVersion = 15.0.27703.2026
MinimumVisualStudioVersion = 10.0.40219.1
Project("{FAE04EC0-301F-11D3-BF4B-00C04F79EFBC}") = "Xolartek.Services", "Xolartek.Services\Xolartek.Services.csproj", "{D4976C60-4602-46F3-B99E-01A26576EE35}"
EndProject
Project("{FAE04EC0-301F-11D3-BF4B-00C04F79EFBC}") = "Xolartek.Domain", "Xolartek.Domain\Xolartek.Domain.csproj", "{F1D236CB-2049-4029-B2FC-449D3F3FA898}"
EndProject
Project("{FAE04EC0-301F-11D3-BF4B-00C04F79EFBC}") = "Xolartek.Entities", "Xolartek.Entities\Xolartek.Entities.csproj", "{D1F93998-4C90-4527-AA25-BCE3E6B35798}"
EndProject
Global
	GlobalSection(SolutionConfigurationPlatforms) = preSolution
		Debug|Any CPU = Debug|Any CPU
		Release|Any CPU = Release|Any CPU
	EndGlobalSection
	GlobalSection(ProjectConfigurationPlatforms) = postSolution
		{D4976C60-4602-46F3-B99E-01A26576EE35}.Debug|Any CPU.ActiveCfg = Debug|Any CPU
		{D4976C60-4602-46F3-B99E-01A26576EE35}.Debug|Any CPU.Build.0 = Debug|Any CPU
		{D4976C60-4602-46F3-B99E-01A26576EE35}.Release|Any CPU.ActiveCfg = Release|Any CPU
		{D4976C60-4602-46F3-B99E-01A26576EE35}.Release|Any CPU.Build.0 = Release|Any CPU
		{F1D236CB-2049-4029-B2FC-449D3F3FA898}.Debug|Any CPU.ActiveCfg = Debug|Any CPU
		{F1D236CB-2049-4029-B2FC-449D3F3FA898}.Debug|Any CPU.Build.0 = Debug|Any CPU
		{F1D236CB-2049-4029-B2FC-449D3F3FA898}.Release|Any CPU.ActiveCfg = Release|Any CPU
		{F1D236CB-2049-4029-B2FC-449D3F3FA898}.Release|Any CPU.Build.0 = Release|Any CPU
		{D1F93998-4C90-4527-AA25-BCE3E6B35798}.Debug|Any CPU.ActiveCfg = Debug|Any CPU
		{D1F93998-4C90-4527-AA25-BCE3E6B35798}.Debug|Any CPU.Build.0 = Debug|Any CPU
		{D1F93998-4C90-4527-AA25-BCE3E6B35798}.Release|Any CPU.ActiveCfg = Release|Any CPU
		{D1F93998-4C90-4527-AA25-BCE3E6B35798}.Release|Any CPU.Build.0 = Release|Any CPU
	EndGlobalSection
	GlobalSection(SolutionProperties) = preSolution
		HideSolutionNode = FALSE
	EndGlobalSection
	GlobalSection(ExtensibilityGlobals) = postSolution
		SolutionGuid = {17CC8AC3-4190-472F-9E59-A0AB830D14C4}
	EndGlobalSection
EndGlobal
